// !$*UTF8*$!
{
	archiveVersion = 1;
	classes = {
	};
	objectVersion = 56;
	objects = {

/* Begin PBXBuildFile section */
		0D0697102BE8AE6900DEA74B /* MercadoLibreApp.swift in Sources */ = {isa = PBXBuildFile; fileRef = 0D06970F2BE8AE6900DEA74B /* MercadoLibreApp.swift */; };
		0D0697142BE8AE6A00DEA74B /* Assets.xcassets in Resources */ = {isa = PBXBuildFile; fileRef = 0D0697132BE8AE6A00DEA74B /* Assets.xcassets */; };
		0D0697172BE8AE6A00DEA74B /* Preview Assets.xcassets in Resources */ = {isa = PBXBuildFile; fileRef = 0D0697162BE8AE6A00DEA74B /* Preview Assets.xcassets */; };
		0D0697212BE8AE6A00DEA74B /* MercadoLibreTests.swift in Sources */ = {isa = PBXBuildFile; fileRef = 0D0697202BE8AE6A00DEA74B /* MercadoLibreTests.swift */; };
		0D06972B2BE8AE6A00DEA74B /* MercadoLibreUITests.swift in Sources */ = {isa = PBXBuildFile; fileRef = 0D06972A2BE8AE6A00DEA74B /* MercadoLibreUITests.swift */; };
		0D06972D2BE8AE6A00DEA74B /* MercadoLibreUITestsLaunchTests.swift in Sources */ = {isa = PBXBuildFile; fileRef = 0D06972C2BE8AE6A00DEA74B /* MercadoLibreUITestsLaunchTests.swift */; };
		0D0697672BE8AF8900DEA74B /* CategoryModel.swift in Sources */ = {isa = PBXBuildFile; fileRef = 0D0697562BE8AF8900DEA74B /* CategoryModel.swift */; };
		0D0697682BE8AF8900DEA74B /* CurrencyModel.swift in Sources */ = {isa = PBXBuildFile; fileRef = 0D0697572BE8AF8900DEA74B /* CurrencyModel.swift */; };
		0D06976A2BE8AF8900DEA74B /* SiteConfigModel.swift in Sources */ = {isa = PBXBuildFile; fileRef = 0D0697592BE8AF8900DEA74B /* SiteConfigModel.swift */; };
		0D06976B2BE8AF8900DEA74B /* SiteConfigSettingsModel.swift in Sources */ = {isa = PBXBuildFile; fileRef = 0D06975A2BE8AF8900DEA74B /* SiteConfigSettingsModel.swift */; };
		0D06976C2BE8AF8900DEA74B /* SitesModel.swift in Sources */ = {isa = PBXBuildFile; fileRef = 0D06975B2BE8AF8900DEA74B /* SitesModel.swift */; };
		0D06976D2BE8AF8900DEA74B /* ProductsApi.swift in Sources */ = {isa = PBXBuildFile; fileRef = 0D06975F2BE8AF8900DEA74B /* ProductsApi.swift */; };
		0D06976E2BE8AF8900DEA74B /* SitesApi.swift in Sources */ = {isa = PBXBuildFile; fileRef = 0D0697602BE8AF8900DEA74B /* SitesApi.swift */; };
		0D06976F2BE8AF8900DEA74B /* HomeView.swift in Sources */ = {isa = PBXBuildFile; fileRef = 0D0697622BE8AF8900DEA74B /* HomeView.swift */; };
		0D0697712BE8AF8900DEA74B /* UserPreferencesService.swift in Sources */ = {isa = PBXBuildFile; fileRef = 0D0697652BE8AF8900DEA74B /* UserPreferencesService.swift */; };
		0D0697732BE8AFBE00DEA74B /* SelectSiteViewModel.swift in Sources */ = {isa = PBXBuildFile; fileRef = 0D0697722BE8AFBE00DEA74B /* SelectSiteViewModel.swift */; };
		0D0697752BE8AFEC00DEA74B /* Alamofire in Frameworks */ = {isa = PBXBuildFile; productRef = 0D0697742BE8AFEC00DEA74B /* Alamofire */; };
		0D0697772BE8AFEC00DEA74B /* AlamofireDynamic in Frameworks */ = {isa = PBXBuildFile; productRef = 0D0697762BE8AFEC00DEA74B /* AlamofireDynamic */; };
		0D06977B2BE8B03600DEA74B /* SelectSiteView.swift in Sources */ = {isa = PBXBuildFile; fileRef = 0D06977A2BE8B03600DEA74B /* SelectSiteView.swift */; };
		0D06977F2BE8BB3600DEA74B /* ImageView.swift in Sources */ = {isa = PBXBuildFile; fileRef = 0D06977E2BE8BB3600DEA74B /* ImageView.swift */; };
		0D0697812BE8D01300DEA74B /* HomeViewModel.swift in Sources */ = {isa = PBXBuildFile; fileRef = 0D0697802BE8D01300DEA74B /* HomeViewModel.swift */; };
		0D2D0EE22BE9F96B00D9F6C3 /* Localizable.xcstrings in Resources */ = {isa = PBXBuildFile; fileRef = 0D2D0EE12BE9F96B00D9F6C3 /* Localizable.xcstrings */; };
		0D2D0EE92BE9FD4A00D9F6C3 /* SearchBarView.swift in Sources */ = {isa = PBXBuildFile; fileRef = 0D2D0EE82BE9FD4A00D9F6C3 /* SearchBarView.swift */; };
		0D2D0EEB2BE9FF1500D9F6C3 /* CarouselView.swift in Sources */ = {isa = PBXBuildFile; fileRef = 0D2D0EEA2BE9FF1500D9F6C3 /* CarouselView.swift */; };
		0DB290A72BEA069900246186 /* FlagCountryView.swift in Sources */ = {isa = PBXBuildFile; fileRef = 0DB290A62BEA069900246186 /* FlagCountryView.swift */; };
		0DB290A92BEA06FF00246186 /* ShoppingCartBtnView.swift in Sources */ = {isa = PBXBuildFile; fileRef = 0DB290A82BEA06FF00246186 /* ShoppingCartBtnView.swift */; };
/* End PBXBuildFile section */

/* Begin PBXContainerItemProxy section */
		0D06971D2BE8AE6A00DEA74B /* PBXContainerItemProxy */ = {
			isa = PBXContainerItemProxy;
			containerPortal = 0D0697042BE8AE6900DEA74B /* Project object */;
			proxyType = 1;
			remoteGlobalIDString = 0D06970B2BE8AE6900DEA74B;
			remoteInfo = MercadoLibre;
		};
		0D0697272BE8AE6A00DEA74B /* PBXContainerItemProxy */ = {
			isa = PBXContainerItemProxy;
			containerPortal = 0D0697042BE8AE6900DEA74B /* Project object */;
			proxyType = 1;
			remoteGlobalIDString = 0D06970B2BE8AE6900DEA74B;
			remoteInfo = MercadoLibre;
		};
/* End PBXContainerItemProxy section */

/* Begin PBXFileReference section */
		0D06970C2BE8AE6900DEA74B /* MercadoLibre.app */ = {isa = PBXFileReference; explicitFileType = wrapper.application; includeInIndex = 0; path = MercadoLibre.app; sourceTree = BUILT_PRODUCTS_DIR; };
		0D06970F2BE8AE6900DEA74B /* MercadoLibreApp.swift */ = {isa = PBXFileReference; lastKnownFileType = sourcecode.swift; path = MercadoLibreApp.swift; sourceTree = "<group>"; };
		0D0697132BE8AE6A00DEA74B /* Assets.xcassets */ = {isa = PBXFileReference; lastKnownFileType = folder.assetcatalog; path = Assets.xcassets; sourceTree = "<group>"; };
		0D0697162BE8AE6A00DEA74B /* Preview Assets.xcassets */ = {isa = PBXFileReference; lastKnownFileType = folder.assetcatalog; path = "Preview Assets.xcassets"; sourceTree = "<group>"; };
		0D06971C2BE8AE6A00DEA74B /* MercadoLibreTests.xctest */ = {isa = PBXFileReference; explicitFileType = wrapper.cfbundle; includeInIndex = 0; path = MercadoLibreTests.xctest; sourceTree = BUILT_PRODUCTS_DIR; };
		0D0697202BE8AE6A00DEA74B /* MercadoLibreTests.swift */ = {isa = PBXFileReference; lastKnownFileType = sourcecode.swift; path = MercadoLibreTests.swift; sourceTree = "<group>"; };
		0D0697262BE8AE6A00DEA74B /* MercadoLibreUITests.xctest */ = {isa = PBXFileReference; explicitFileType = wrapper.cfbundle; includeInIndex = 0; path = MercadoLibreUITests.xctest; sourceTree = BUILT_PRODUCTS_DIR; };
		0D06972A2BE8AE6A00DEA74B /* MercadoLibreUITests.swift */ = {isa = PBXFileReference; lastKnownFileType = sourcecode.swift; path = MercadoLibreUITests.swift; sourceTree = "<group>"; };
		0D06972C2BE8AE6A00DEA74B /* MercadoLibreUITestsLaunchTests.swift */ = {isa = PBXFileReference; lastKnownFileType = sourcecode.swift; path = MercadoLibreUITestsLaunchTests.swift; sourceTree = "<group>"; };
		0D0697562BE8AF8900DEA74B /* CategoryModel.swift */ = {isa = PBXFileReference; fileEncoding = 4; lastKnownFileType = sourcecode.swift; path = CategoryModel.swift; sourceTree = "<group>"; };
		0D0697572BE8AF8900DEA74B /* CurrencyModel.swift */ = {isa = PBXFileReference; fileEncoding = 4; lastKnownFileType = sourcecode.swift; path = CurrencyModel.swift; sourceTree = "<group>"; };
		0D0697592BE8AF8900DEA74B /* SiteConfigModel.swift */ = {isa = PBXFileReference; fileEncoding = 4; lastKnownFileType = sourcecode.swift; path = SiteConfigModel.swift; sourceTree = "<group>"; };
		0D06975A2BE8AF8900DEA74B /* SiteConfigSettingsModel.swift */ = {isa = PBXFileReference; fileEncoding = 4; lastKnownFileType = sourcecode.swift; path = SiteConfigSettingsModel.swift; sourceTree = "<group>"; };
		0D06975B2BE8AF8900DEA74B /* SitesModel.swift */ = {isa = PBXFileReference; fileEncoding = 4; lastKnownFileType = sourcecode.swift; path = SitesModel.swift; sourceTree = "<group>"; };
		0D06975F2BE8AF8900DEA74B /* ProductsApi.swift */ = {isa = PBXFileReference; fileEncoding = 4; lastKnownFileType = sourcecode.swift; path = ProductsApi.swift; sourceTree = "<group>"; };
		0D0697602BE8AF8900DEA74B /* SitesApi.swift */ = {isa = PBXFileReference; fileEncoding = 4; lastKnownFileType = sourcecode.swift; path = SitesApi.swift; sourceTree = "<group>"; };
		0D0697622BE8AF8900DEA74B /* HomeView.swift */ = {isa = PBXFileReference; fileEncoding = 4; lastKnownFileType = sourcecode.swift; path = HomeView.swift; sourceTree = "<group>"; };
		0D0697652BE8AF8900DEA74B /* UserPreferencesService.swift */ = {isa = PBXFileReference; fileEncoding = 4; lastKnownFileType = sourcecode.swift; path = UserPreferencesService.swift; sourceTree = "<group>"; };
		0D0697722BE8AFBE00DEA74B /* SelectSiteViewModel.swift */ = {isa = PBXFileReference; fileEncoding = 4; lastKnownFileType = sourcecode.swift; path = SelectSiteViewModel.swift; sourceTree = "<group>"; };
		0D06977A2BE8B03600DEA74B /* SelectSiteView.swift */ = {isa = PBXFileReference; lastKnownFileType = sourcecode.swift; path = SelectSiteView.swift; sourceTree = "<group>"; };
		0D06977C2BE8B28100DEA74B /* Debug.xcconfig */ = {isa = PBXFileReference; lastKnownFileType = text.xcconfig; path = Debug.xcconfig; sourceTree = "<group>"; };
		0D06977D2BE8B28B00DEA74B /* Release.xcconfig */ = {isa = PBXFileReference; lastKnownFileType = text.xcconfig; path = Release.xcconfig; sourceTree = "<group>"; };
		0D06977E2BE8BB3600DEA74B /* ImageView.swift */ = {isa = PBXFileReference; lastKnownFileType = sourcecode.swift; path = ImageView.swift; sourceTree = "<group>"; };
		0D0697802BE8D01300DEA74B /* HomeViewModel.swift */ = {isa = PBXFileReference; lastKnownFileType = sourcecode.swift; path = HomeViewModel.swift; sourceTree = "<group>"; };
		0D2D0EE12BE9F96B00D9F6C3 /* Localizable.xcstrings */ = {isa = PBXFileReference; lastKnownFileType = text.json.xcstrings; path = Localizable.xcstrings; sourceTree = "<group>"; };
		0D2D0EE82BE9FD4A00D9F6C3 /* SearchBarView.swift */ = {isa = PBXFileReference; lastKnownFileType = sourcecode.swift; path = SearchBarView.swift; sourceTree = "<group>"; };
		0D2D0EEA2BE9FF1500D9F6C3 /* CarouselView.swift */ = {isa = PBXFileReference; lastKnownFileType = sourcecode.swift; path = CarouselView.swift; sourceTree = "<group>"; };
		0DB290A62BEA069900246186 /* FlagCountryView.swift */ = {isa = PBXFileReference; lastKnownFileType = sourcecode.swift; path = FlagCountryView.swift; sourceTree = "<group>"; };
		0DB290A82BEA06FF00246186 /* ShoppingCartBtnView.swift */ = {isa = PBXFileReference; lastKnownFileType = sourcecode.swift; path = ShoppingCartBtnView.swift; sourceTree = "<group>"; };
/* End PBXFileReference section */

/* Begin PBXFrameworksBuildPhase section */
		0D0697092BE8AE6900DEA74B /* Frameworks */ = {
			isa = PBXFrameworksBuildPhase;
			buildActionMask = 2147483647;
			files = (
				0D0697752BE8AFEC00DEA74B /* Alamofire in Frameworks */,
				0D0697772BE8AFEC00DEA74B /* AlamofireDynamic in Frameworks */,
			);
			runOnlyForDeploymentPostprocessing = 0;
		};
		0D0697192BE8AE6A00DEA74B /* Frameworks */ = {
			isa = PBXFrameworksBuildPhase;
			buildActionMask = 2147483647;
			files = (
			);
			runOnlyForDeploymentPostprocessing = 0;
		};
		0D0697232BE8AE6A00DEA74B /* Frameworks */ = {
			isa = PBXFrameworksBuildPhase;
			buildActionMask = 2147483647;
			files = (
			);
			runOnlyForDeploymentPostprocessing = 0;
		};
/* End PBXFrameworksBuildPhase section */

/* Begin PBXGroup section */
		0D0697032BE8AE6900DEA74B = {
			isa = PBXGroup;
			children = (
				0D06970E2BE8AE6900DEA74B /* MercadoLibre */,
				0D06971F2BE8AE6A00DEA74B /* MercadoLibreTests */,
				0D0697292BE8AE6A00DEA74B /* MercadoLibreUITests */,
				0D2D0EE12BE9F96B00D9F6C3 /* Localizable.xcstrings */,
				0D06977D2BE8B28B00DEA74B /* Release.xcconfig */,
				0D06977C2BE8B28100DEA74B /* Debug.xcconfig */,
				0D06970D2BE8AE6900DEA74B /* Products */,
			);
			sourceTree = "<group>";
		};
		0D06970D2BE8AE6900DEA74B /* Products */ = {
			isa = PBXGroup;
			children = (
				0D06970C2BE8AE6900DEA74B /* MercadoLibre.app */,
				0D06971C2BE8AE6A00DEA74B /* MercadoLibreTests.xctest */,
				0D0697262BE8AE6A00DEA74B /* MercadoLibreUITests.xctest */,
			);
			name = Products;
			sourceTree = "<group>";
		};
		0D06970E2BE8AE6900DEA74B /* MercadoLibre */ = {
			isa = PBXGroup;
			children = (
				0D06975D2BE8AF8900DEA74B /* Helpers */,
				0D06975C2BE8AF8900DEA74B /* Models */,
				0D0697612BE8AF8900DEA74B /* Networking */,
				0D0697662BE8AF8900DEA74B /* Services */,
				0D06975E2BE8AF8900DEA74B /* ViewModels */,
				0D0697642BE8AF8900DEA74B /* Views */,
				0D06970F2BE8AE6900DEA74B /* MercadoLibreApp.swift */,
				0D0697132BE8AE6A00DEA74B /* Assets.xcassets */,
				0D0697152BE8AE6A00DEA74B /* Preview Content */,
			);
			path = MercadoLibre;
			sourceTree = "<group>";
		};
		0D0697152BE8AE6A00DEA74B /* Preview Content */ = {
			isa = PBXGroup;
			children = (
				0D0697162BE8AE6A00DEA74B /* Preview Assets.xcassets */,
			);
			path = "Preview Content";
			sourceTree = "<group>";
		};
		0D06971F2BE8AE6A00DEA74B /* MercadoLibreTests */ = {
			isa = PBXGroup;
			children = (
				0D0697202BE8AE6A00DEA74B /* MercadoLibreTests.swift */,
			);
			path = MercadoLibreTests;
			sourceTree = "<group>";
		};
		0D0697292BE8AE6A00DEA74B /* MercadoLibreUITests */ = {
			isa = PBXGroup;
			children = (
				0D06972A2BE8AE6A00DEA74B /* MercadoLibreUITests.swift */,
				0D06972C2BE8AE6A00DEA74B /* MercadoLibreUITestsLaunchTests.swift */,
			);
			path = MercadoLibreUITests;
			sourceTree = "<group>";
		};
		0D06975C2BE8AF8900DEA74B /* Models */ = {
			isa = PBXGroup;
			children = (
				0D0697562BE8AF8900DEA74B /* CategoryModel.swift */,
				0D0697572BE8AF8900DEA74B /* CurrencyModel.swift */,
				0D0697592BE8AF8900DEA74B /* SiteConfigModel.swift */,
				0D06975A2BE8AF8900DEA74B /* SiteConfigSettingsModel.swift */,
				0D06975B2BE8AF8900DEA74B /* SitesModel.swift */,
			);
			path = Models;
			sourceTree = "<group>";
		};
		0D06975D2BE8AF8900DEA74B /* Helpers */ = {
			isa = PBXGroup;
			children = (
			);
			path = Helpers;
			sourceTree = "<group>";
		};
		0D06975E2BE8AF8900DEA74B /* ViewModels */ = {
			isa = PBXGroup;
			children = (
				0D0697722BE8AFBE00DEA74B /* SelectSiteViewModel.swift */,
				0D0697802BE8D01300DEA74B /* HomeViewModel.swift */,
			);
			path = ViewModels;
			sourceTree = "<group>";
		};
		0D0697612BE8AF8900DEA74B /* Networking */ = {
			isa = PBXGroup;
			children = (
				0D06975F2BE8AF8900DEA74B /* ProductsApi.swift */,
				0D0697602BE8AF8900DEA74B /* SitesApi.swift */,
			);
			path = Networking;
			sourceTree = "<group>";
		};
		0D0697642BE8AF8900DEA74B /* Views */ = {
			isa = PBXGroup;
			children = (
				0D2D0EE62BE9F9C400D9F6C3 /* Common */,
				0D0697622BE8AF8900DEA74B /* HomeView.swift */,
				0D06977A2BE8B03600DEA74B /* SelectSiteView.swift */,
			);
			path = Views;
			sourceTree = "<group>";
		};
		0D0697662BE8AF8900DEA74B /* Services */ = {
			isa = PBXGroup;
			children = (
				0D0697652BE8AF8900DEA74B /* UserPreferencesService.swift */,
			);
			path = Services;
			sourceTree = "<group>";
		};
		0D2D0EE32BE9F9B200D9F6C3 /* Atoms */ = {
			isa = PBXGroup;
			children = (
				0D06977E2BE8BB3600DEA74B /* ImageView.swift */,
				0D2D0EE82BE9FD4A00D9F6C3 /* SearchBarView.swift */,
				0DB290A62BEA069900246186 /* FlagCountryView.swift */,
				0DB290A82BEA06FF00246186 /* ShoppingCartBtnView.swift */,
			);
			path = Atoms;
			sourceTree = "<group>";
		};
		0D2D0EE42BE9F9B800D9F6C3 /* Molecules */ = {
			isa = PBXGroup;
			children = (
				0D2D0EEA2BE9FF1500D9F6C3 /* CarouselView.swift */,
			);
			path = Molecules;
			sourceTree = "<group>";
		};
		0D2D0EE52BE9F9BC00D9F6C3 /* Organisms */ = {
			isa = PBXGroup;
			children = (
			);
			path = Organisms;
			sourceTree = "<group>";
		};
		0D2D0EE62BE9F9C400D9F6C3 /* Common */ = {
			isa = PBXGroup;
			children = (
				0D2D0EE52BE9F9BC00D9F6C3 /* Organisms */,
				0D2D0EE42BE9F9B800D9F6C3 /* Molecules */,
				0D2D0EE32BE9F9B200D9F6C3 /* Atoms */,
			);
			path = Common;
			sourceTree = "<group>";
		};
/* End PBXGroup section */

/* Begin PBXNativeTarget section */
		0D06970B2BE8AE6900DEA74B /* MercadoLibre */ = {
			isa = PBXNativeTarget;
			buildConfigurationList = 0D0697302BE8AE6A00DEA74B /* Build configuration list for PBXNativeTarget "MercadoLibre" */;
			buildPhases = (
				0D0697082BE8AE6900DEA74B /* Sources */,
				0D0697092BE8AE6900DEA74B /* Frameworks */,
				0D06970A2BE8AE6900DEA74B /* Resources */,
			);
			buildRules = (
			);
			dependencies = (
			);
			name = MercadoLibre;
			packageProductDependencies = (
				0D0697742BE8AFEC00DEA74B /* Alamofire */,
				0D0697762BE8AFEC00DEA74B /* AlamofireDynamic */,
			);
			productName = MercadoLibre;
			productReference = 0D06970C2BE8AE6900DEA74B /* MercadoLibre.app */;
			productType = "com.apple.product-type.application";
		};
		0D06971B2BE8AE6A00DEA74B /* MercadoLibreTests */ = {
			isa = PBXNativeTarget;
			buildConfigurationList = 0D0697332BE8AE6A00DEA74B /* Build configuration list for PBXNativeTarget "MercadoLibreTests" */;
			buildPhases = (
				0D0697182BE8AE6A00DEA74B /* Sources */,
				0D0697192BE8AE6A00DEA74B /* Frameworks */,
				0D06971A2BE8AE6A00DEA74B /* Resources */,
			);
			buildRules = (
			);
			dependencies = (
				0D06971E2BE8AE6A00DEA74B /* PBXTargetDependency */,
			);
			name = MercadoLibreTests;
			productName = MercadoLibreTests;
			productReference = 0D06971C2BE8AE6A00DEA74B /* MercadoLibreTests.xctest */;
			productType = "com.apple.product-type.bundle.unit-test";
		};
		0D0697252BE8AE6A00DEA74B /* MercadoLibreUITests */ = {
			isa = PBXNativeTarget;
			buildConfigurationList = 0D0697362BE8AE6A00DEA74B /* Build configuration list for PBXNativeTarget "MercadoLibreUITests" */;
			buildPhases = (
				0D0697222BE8AE6A00DEA74B /* Sources */,
				0D0697232BE8AE6A00DEA74B /* Frameworks */,
				0D0697242BE8AE6A00DEA74B /* Resources */,
			);
			buildRules = (
			);
			dependencies = (
				0D0697282BE8AE6A00DEA74B /* PBXTargetDependency */,
			);
			name = MercadoLibreUITests;
			productName = MercadoLibreUITests;
			productReference = 0D0697262BE8AE6A00DEA74B /* MercadoLibreUITests.xctest */;
			productType = "com.apple.product-type.bundle.ui-testing";
		};
/* End PBXNativeTarget section */

/* Begin PBXProject section */
		0D0697042BE8AE6900DEA74B /* Project object */ = {
			isa = PBXProject;
			attributes = {
				BuildIndependentTargetsInParallel = 1;
				LastSwiftUpdateCheck = 1530;
				LastUpgradeCheck = 1530;
				TargetAttributes = {
					0D06970B2BE8AE6900DEA74B = {
						CreatedOnToolsVersion = 15.3;
					};
					0D06971B2BE8AE6A00DEA74B = {
						CreatedOnToolsVersion = 15.3;
						TestTargetID = 0D06970B2BE8AE6900DEA74B;
					};
					0D0697252BE8AE6A00DEA74B = {
						CreatedOnToolsVersion = 15.3;
						TestTargetID = 0D06970B2BE8AE6900DEA74B;
					};
				};
			};
			buildConfigurationList = 0D0697072BE8AE6900DEA74B /* Build configuration list for PBXProject "MercadoLibre" */;
			compatibilityVersion = "Xcode 14.0";
			developmentRegion = "es-419";
			hasScannedForEncodings = 0;
			knownRegions = (
				en,
				Base,
				"es-419",
			);
			mainGroup = 0D0697032BE8AE6900DEA74B;
			packageReferences = (
				0D0697392BE8AE8B00DEA74B /* XCRemoteSwiftPackageReference "Alamofire" */,
			);
			productRefGroup = 0D06970D2BE8AE6900DEA74B /* Products */;
			projectDirPath = "";
			projectRoot = "";
			targets = (
				0D06970B2BE8AE6900DEA74B /* MercadoLibre */,
				0D06971B2BE8AE6A00DEA74B /* MercadoLibreTests */,
				0D0697252BE8AE6A00DEA74B /* MercadoLibreUITests */,
			);
		};
/* End PBXProject section */

/* Begin PBXResourcesBuildPhase section */
		0D06970A2BE8AE6900DEA74B /* Resources */ = {
			isa = PBXResourcesBuildPhase;
			buildActionMask = 2147483647;
			files = (
				0D0697172BE8AE6A00DEA74B /* Preview Assets.xcassets in Resources */,
				0D0697142BE8AE6A00DEA74B /* Assets.xcassets in Resources */,
				0D2D0EE22BE9F96B00D9F6C3 /* Localizable.xcstrings in Resources */,
			);
			runOnlyForDeploymentPostprocessing = 0;
		};
		0D06971A2BE8AE6A00DEA74B /* Resources */ = {
			isa = PBXResourcesBuildPhase;
			buildActionMask = 2147483647;
			files = (
			);
			runOnlyForDeploymentPostprocessing = 0;
		};
		0D0697242BE8AE6A00DEA74B /* Resources */ = {
			isa = PBXResourcesBuildPhase;
			buildActionMask = 2147483647;
			files = (
			);
			runOnlyForDeploymentPostprocessing = 0;
		};
/* End PBXResourcesBuildPhase section */

/* Begin PBXSourcesBuildPhase section */
		0D0697082BE8AE6900DEA74B /* Sources */ = {
			isa = PBXSourcesBuildPhase;
			buildActionMask = 2147483647;
			files = (
				0DB290A72BEA069900246186 /* FlagCountryView.swift in Sources */,
				0D0697672BE8AF8900DEA74B /* CategoryModel.swift in Sources */,
				0D06976B2BE8AF8900DEA74B /* SiteConfigSettingsModel.swift in Sources */,
				0D06976C2BE8AF8900DEA74B /* SitesModel.swift in Sources */,
				0D06976F2BE8AF8900DEA74B /* HomeView.swift in Sources */,
				0D06977F2BE8BB3600DEA74B /* ImageView.swift in Sources */,
				0D06976D2BE8AF8900DEA74B /* ProductsApi.swift in Sources */,
				0DB290A92BEA06FF00246186 /* ShoppingCartBtnView.swift in Sources */,
				0D2D0EEB2BE9FF1500D9F6C3 /* CarouselView.swift in Sources */,
				0D0697682BE8AF8900DEA74B /* CurrencyModel.swift in Sources */,
				0D06976A2BE8AF8900DEA74B /* SiteConfigModel.swift in Sources */,
				0D0697712BE8AF8900DEA74B /* UserPreferencesService.swift in Sources */,
				0D0697812BE8D01300DEA74B /* HomeViewModel.swift in Sources */,
				0D2D0EE92BE9FD4A00D9F6C3 /* SearchBarView.swift in Sources */,
				0D0697102BE8AE6900DEA74B /* MercadoLibreApp.swift in Sources */,
				0D06977B2BE8B03600DEA74B /* SelectSiteView.swift in Sources */,
				0D0697732BE8AFBE00DEA74B /* SelectSiteViewModel.swift in Sources */,
				0D06976E2BE8AF8900DEA74B /* SitesApi.swift in Sources */,
			);
			runOnlyForDeploymentPostprocessing = 0;
		};
		0D0697182BE8AE6A00DEA74B /* Sources */ = {
			isa = PBXSourcesBuildPhase;
			buildActionMask = 2147483647;
			files = (
				0D0697212BE8AE6A00DEA74B /* MercadoLibreTests.swift in Sources */,
			);
			runOnlyForDeploymentPostprocessing = 0;
		};
		0D0697222BE8AE6A00DEA74B /* Sources */ = {
			isa = PBXSourcesBuildPhase;
			buildActionMask = 2147483647;
			files = (
				0D06972B2BE8AE6A00DEA74B /* MercadoLibreUITests.swift in Sources */,
				0D06972D2BE8AE6A00DEA74B /* MercadoLibreUITestsLaunchTests.swift in Sources */,
			);
			runOnlyForDeploymentPostprocessing = 0;
		};
/* End PBXSourcesBuildPhase section */

/* Begin PBXTargetDependency section */
		0D06971E2BE8AE6A00DEA74B /* PBXTargetDependency */ = {
			isa = PBXTargetDependency;
			target = 0D06970B2BE8AE6900DEA74B /* MercadoLibre */;
			targetProxy = 0D06971D2BE8AE6A00DEA74B /* PBXContainerItemProxy */;
		};
		0D0697282BE8AE6A00DEA74B /* PBXTargetDependency */ = {
			isa = PBXTargetDependency;
			target = 0D06970B2BE8AE6900DEA74B /* MercadoLibre */;
			targetProxy = 0D0697272BE8AE6A00DEA74B /* PBXContainerItemProxy */;
		};
/* End PBXTargetDependency section */

/* Begin XCBuildConfiguration section */
		0D06972E2BE8AE6A00DEA74B /* Debug */ = {
			isa = XCBuildConfiguration;
			baseConfigurationReference = 0D06977C2BE8B28100DEA74B /* Debug.xcconfig */;
			buildSettings = {
				ALWAYS_SEARCH_USER_PATHS = NO;
				ASSETCATALOG_COMPILER_GENERATE_SWIFT_ASSET_SYMBOL_EXTENSIONS = YES;
				CLANG_ANALYZER_NONNULL = YES;
				CLANG_ANALYZER_NUMBER_OBJECT_CONVERSION = YES_AGGRESSIVE;
				CLANG_CXX_LANGUAGE_STANDARD = "gnu++20";
				CLANG_ENABLE_MODULES = YES;
				CLANG_ENABLE_OBJC_ARC = YES;
				CLANG_ENABLE_OBJC_WEAK = YES;
				CLANG_WARN_BLOCK_CAPTURE_AUTORELEASING = YES;
				CLANG_WARN_BOOL_CONVERSION = YES;
				CLANG_WARN_COMMA = YES;
				CLANG_WARN_CONSTANT_CONVERSION = YES;
				CLANG_WARN_DEPRECATED_OBJC_IMPLEMENTATIONS = YES;
				CLANG_WARN_DIRECT_OBJC_ISA_USAGE = YES_ERROR;
				CLANG_WARN_DOCUMENTATION_COMMENTS = YES;
				CLANG_WARN_EMPTY_BODY = YES;
				CLANG_WARN_ENUM_CONVERSION = YES;
				CLANG_WARN_INFINITE_RECURSION = YES;
				CLANG_WARN_INT_CONVERSION = YES;
				CLANG_WARN_NON_LITERAL_NULL_CONVERSION = YES;
				CLANG_WARN_OBJC_IMPLICIT_RETAIN_SELF = YES;
				CLANG_WARN_OBJC_LITERAL_CONVERSION = YES;
				CLANG_WARN_OBJC_ROOT_CLASS = YES_ERROR;
				CLANG_WARN_QUOTED_INCLUDE_IN_FRAMEWORK_HEADER = YES;
				CLANG_WARN_RANGE_LOOP_ANALYSIS = YES;
				CLANG_WARN_STRICT_PROTOTYPES = YES;
				CLANG_WARN_SUSPICIOUS_MOVE = YES;
				CLANG_WARN_UNGUARDED_AVAILABILITY = YES_AGGRESSIVE;
				CLANG_WARN_UNREACHABLE_CODE = YES;
				CLANG_WARN__DUPLICATE_METHOD_MATCH = YES;
				COPY_PHASE_STRIP = NO;
				DEBUG_INFORMATION_FORMAT = dwarf;
				ENABLE_STRICT_OBJC_MSGSEND = YES;
				ENABLE_TESTABILITY = YES;
				ENABLE_USER_SCRIPT_SANDBOXING = YES;
				GCC_C_LANGUAGE_STANDARD = gnu17;
				GCC_DYNAMIC_NO_PIC = NO;
				GCC_NO_COMMON_BLOCKS = YES;
				GCC_OPTIMIZATION_LEVEL = 0;
				GCC_PREPROCESSOR_DEFINITIONS = (
					"DEBUG=1",
					"$(inherited)",
				);
				GCC_WARN_64_TO_32_BIT_CONVERSION = YES;
				GCC_WARN_ABOUT_RETURN_TYPE = YES_ERROR;
				GCC_WARN_UNDECLARED_SELECTOR = YES;
				GCC_WARN_UNINITIALIZED_AUTOS = YES_AGGRESSIVE;
				GCC_WARN_UNUSED_FUNCTION = YES;
				GCC_WARN_UNUSED_VARIABLE = YES;
				IPHONEOS_DEPLOYMENT_TARGET = 17.4;
				LOCALIZATION_PREFERS_STRING_CATALOGS = YES;
				MTL_ENABLE_DEBUG_INFO = INCLUDE_SOURCE;
				MTL_FAST_MATH = YES;
				ONLY_ACTIVE_ARCH = YES;
				SDKROOT = iphoneos;
				SWIFT_ACTIVE_COMPILATION_CONDITIONS = "DEBUG $(inherited)";
				SWIFT_OPTIMIZATION_LEVEL = "-Onone";
			};
			name = Debug;
		};
		0D06972F2BE8AE6A00DEA74B /* Release */ = {
			isa = XCBuildConfiguration;
			baseConfigurationReference = 0D06977D2BE8B28B00DEA74B /* Release.xcconfig */;
			buildSettings = {
				ALWAYS_SEARCH_USER_PATHS = NO;
				ASSETCATALOG_COMPILER_GENERATE_SWIFT_ASSET_SYMBOL_EXTENSIONS = YES;
				CLANG_ANALYZER_NONNULL = YES;
				CLANG_ANALYZER_NUMBER_OBJECT_CONVERSION = YES_AGGRESSIVE;
				CLANG_CXX_LANGUAGE_STANDARD = "gnu++20";
				CLANG_ENABLE_MODULES = YES;
				CLANG_ENABLE_OBJC_ARC = YES;
				CLANG_ENABLE_OBJC_WEAK = YES;
				CLANG_WARN_BLOCK_CAPTURE_AUTORELEASING = YES;
				CLANG_WARN_BOOL_CONVERSION = YES;
				CLANG_WARN_COMMA = YES;
				CLANG_WARN_CONSTANT_CONVERSION = YES;
				CLANG_WARN_DEPRECATED_OBJC_IMPLEMENTATIONS = YES;
				CLANG_WARN_DIRECT_OBJC_ISA_USAGE = YES_ERROR;
				CLANG_WARN_DOCUMENTATION_COMMENTS = YES;
				CLANG_WARN_EMPTY_BODY = YES;
				CLANG_WARN_ENUM_CONVERSION = YES;
				CLANG_WARN_INFINITE_RECURSION = YES;
				CLANG_WARN_INT_CONVERSION = YES;
				CLANG_WARN_NON_LITERAL_NULL_CONVERSION = YES;
				CLANG_WARN_OBJC_IMPLICIT_RETAIN_SELF = YES;
				CLANG_WARN_OBJC_LITERAL_CONVERSION = YES;
				CLANG_WARN_OBJC_ROOT_CLASS = YES_ERROR;
				CLANG_WARN_QUOTED_INCLUDE_IN_FRAMEWORK_HEADER = YES;
				CLANG_WARN_RANGE_LOOP_ANALYSIS = YES;
				CLANG_WARN_STRICT_PROTOTYPES = YES;
				CLANG_WARN_SUSPICIOUS_MOVE = YES;
				CLANG_WARN_UNGUARDED_AVAILABILITY = YES_AGGRESSIVE;
				CLANG_WARN_UNREACHABLE_CODE = YES;
				CLANG_WARN__DUPLICATE_METHOD_MATCH = YES;
				COPY_PHASE_STRIP = NO;
				DEBUG_INFORMATION_FORMAT = "dwarf-with-dsym";
				ENABLE_NS_ASSERTIONS = NO;
				ENABLE_STRICT_OBJC_MSGSEND = YES;
				ENABLE_USER_SCRIPT_SANDBOXING = YES;
				GCC_C_LANGUAGE_STANDARD = gnu17;
				GCC_NO_COMMON_BLOCKS = YES;
				GCC_WARN_64_TO_32_BIT_CONVERSION = YES;
				GCC_WARN_ABOUT_RETURN_TYPE = YES_ERROR;
				GCC_WARN_UNDECLARED_SELECTOR = YES;
				GCC_WARN_UNINITIALIZED_AUTOS = YES_AGGRESSIVE;
				GCC_WARN_UNUSED_FUNCTION = YES;
				GCC_WARN_UNUSED_VARIABLE = YES;
				IPHONEOS_DEPLOYMENT_TARGET = 17.4;
				LOCALIZATION_PREFERS_STRING_CATALOGS = YES;
				MTL_ENABLE_DEBUG_INFO = NO;
				MTL_FAST_MATH = YES;
				SDKROOT = iphoneos;
				SWIFT_COMPILATION_MODE = wholemodule;
				VALIDATE_PRODUCT = YES;
			};
			name = Release;
		};
		0D0697312BE8AE6A00DEA74B /* Debug */ = {
			isa = XCBuildConfiguration;
			baseConfigurationReference = 0D06977C2BE8B28100DEA74B /* Debug.xcconfig */;
			buildSettings = {
				ASSETCATALOG_COMPILER_APPICON_NAME = AppIcon;
				ASSETCATALOG_COMPILER_GLOBAL_ACCENT_COLOR_NAME = AccentColor;
				CODE_SIGN_STYLE = Automatic;
				CURRENT_PROJECT_VERSION = 1;
				DEVELOPMENT_ASSET_PATHS = "\"MercadoLibre/Preview Content\"";
				DEVELOPMENT_TEAM = 8Z29G67Z5G;
				ENABLE_PREVIEWS = YES;
				GENERATE_INFOPLIST_FILE = YES;
				INFOPLIST_KEY_UIApplicationSceneManifest_Generation = YES;
				INFOPLIST_KEY_UIApplicationSupportsIndirectInputEvents = YES;
				INFOPLIST_KEY_UILaunchScreen_Generation = YES;
				INFOPLIST_KEY_UISupportedInterfaceOrientations_iPad = "UIInterfaceOrientationPortrait UIInterfaceOrientationPortraitUpsideDown UIInterfaceOrientationLandscapeLeft UIInterfaceOrientationLandscapeRight";
				INFOPLIST_KEY_UISupportedInterfaceOrientations_iPhone = "UIInterfaceOrientationPortrait UIInterfaceOrientationLandscapeLeft UIInterfaceOrientationLandscapeRight";
				LD_RUNPATH_SEARCH_PATHS = (
					"$(inherited)",
					"@executable_path/Frameworks",
				);
				MARKETING_VERSION = 1.0;
				PRODUCT_BUNDLE_IDENTIFIER = com.juan.MercadoLibre;
				PRODUCT_NAME = "$(TARGET_NAME)";
				SWIFT_EMIT_LOC_STRINGS = YES;
				SWIFT_VERSION = 5.0;
				TARGETED_DEVICE_FAMILY = "1,2";
			};
			name = Debug;
		};
		0D0697322BE8AE6A00DEA74B /* Release */ = {
			isa = XCBuildConfiguration;
			baseConfigurationReference = 0D06977D2BE8B28B00DEA74B /* Release.xcconfig */;
			buildSettings = {
				ASSETCATALOG_COMPILER_APPICON_NAME = AppIcon;
				ASSETCATALOG_COMPILER_GLOBAL_ACCENT_COLOR_NAME = AccentColor;
				CODE_SIGN_STYLE = Automatic;
				CURRENT_PROJECT_VERSION = 1;
				DEVELOPMENT_ASSET_PATHS = "\"MercadoLibre/Preview Content\"";
				DEVELOPMENT_TEAM = 8Z29G67Z5G;
				ENABLE_PREVIEWS = YES;
				GENERATE_INFOPLIST_FILE = YES;
				INFOPLIST_KEY_UIApplicationSceneManifest_Generation = YES;
				INFOPLIST_KEY_UIApplicationSupportsIndirectInputEvents = YES;
				INFOPLIST_KEY_UILaunchScreen_Generation = YES;
				INFOPLIST_KEY_UISupportedInterfaceOrientations_iPad = "UIInterfaceOrientationPortrait UIInterfaceOrientationPortraitUpsideDown UIInterfaceOrientationLandscapeLeft UIInterfaceOrientationLandscapeRight";
				INFOPLIST_KEY_UISupportedInterfaceOrientations_iPhone = "UIInterfaceOrientationPortrait UIInterfaceOrientationLandscapeLeft UIInterfaceOrientationLandscapeRight";
				LD_RUNPATH_SEARCH_PATHS = (
					"$(inherited)",
					"@executable_path/Frameworks",
				);
				MARKETING_VERSION = 1.0;
				PRODUCT_BUNDLE_IDENTIFIER = com.juan.MercadoLibre;
				PRODUCT_NAME = "$(TARGET_NAME)";
				SWIFT_EMIT_LOC_STRINGS = YES;
				SWIFT_VERSION = 5.0;
				TARGETED_DEVICE_FAMILY = "1,2";
			};
			name = Release;
		};
		0D0697342BE8AE6A00DEA74B /* Debug */ = {
			isa = XCBuildConfiguration;
			buildSettings = {
				ALWAYS_EMBED_SWIFT_STANDARD_LIBRARIES = YES;
				BUNDLE_LOADER = "$(TEST_HOST)";
				CODE_SIGN_STYLE = Automatic;
				CURRENT_PROJECT_VERSION = 1;
				DEVELOPMENT_TEAM = 8Z29G67Z5G;
				GENERATE_INFOPLIST_FILE = YES;
				IPHONEOS_DEPLOYMENT_TARGET = 17.4;
				MARKETING_VERSION = 1.0;
				PRODUCT_BUNDLE_IDENTIFIER = com.juan.MercadoLibreTests;
				PRODUCT_NAME = "$(TARGET_NAME)";
				SWIFT_EMIT_LOC_STRINGS = NO;
				SWIFT_VERSION = 5.0;
				TARGETED_DEVICE_FAMILY = "1,2";
				TEST_HOST = "$(BUILT_PRODUCTS_DIR)/MercadoLibre.app/$(BUNDLE_EXECUTABLE_FOLDER_PATH)/MercadoLibre";
			};
			name = Debug;
		};
		0D0697352BE8AE6A00DEA74B /* Release */ = {
			isa = XCBuildConfiguration;
			buildSettings = {
				ALWAYS_EMBED_SWIFT_STANDARD_LIBRARIES = YES;
				BUNDLE_LOADER = "$(TEST_HOST)";
				CODE_SIGN_STYLE = Automatic;
				CURRENT_PROJECT_VERSION = 1;
				DEVELOPMENT_TEAM = 8Z29G67Z5G;
				GENERATE_INFOPLIST_FILE = YES;
				IPHONEOS_DEPLOYMENT_TARGET = 17.4;
				MARKETING_VERSION = 1.0;
				PRODUCT_BUNDLE_IDENTIFIER = com.juan.MercadoLibreTests;
				PRODUCT_NAME = "$(TARGET_NAME)";
				SWIFT_EMIT_LOC_STRINGS = NO;
				SWIFT_VERSION = 5.0;
				TARGETED_DEVICE_FAMILY = "1,2";
				TEST_HOST = "$(BUILT_PRODUCTS_DIR)/MercadoLibre.app/$(BUNDLE_EXECUTABLE_FOLDER_PATH)/MercadoLibre";
			};
			name = Release;
		};
		0D0697372BE8AE6A00DEA74B /* Debug */ = {
			isa = XCBuildConfiguration;
			buildSettings = {
				ALWAYS_EMBED_SWIFT_STANDARD_LIBRARIES = YES;
				CODE_SIGN_STYLE = Automatic;
				CURRENT_PROJECT_VERSION = 1;
				DEVELOPMENT_TEAM = 8Z29G67Z5G;
				GENERATE_INFOPLIST_FILE = YES;
				MARKETING_VERSION = 1.0;
				PRODUCT_BUNDLE_IDENTIFIER = com.juan.MercadoLibreUITests;
				PRODUCT_NAME = "$(TARGET_NAME)";
				SWIFT_EMIT_LOC_STRINGS = NO;
				SWIFT_VERSION = 5.0;
				TARGETED_DEVICE_FAMILY = "1,2";
				TEST_TARGET_NAME = MercadoLibre;
			};
			name = Debug;
		};
		0D0697382BE8AE6A00DEA74B /* Release */ = {
			isa = XCBuildConfiguration;
			buildSettings = {
				ALWAYS_EMBED_SWIFT_STANDARD_LIBRARIES = YES;
				CODE_SIGN_STYLE = Automatic;
				CURRENT_PROJECT_VERSION = 1;
				DEVELOPMENT_TEAM = 8Z29G67Z5G;
				GENERATE_INFOPLIST_FILE = YES;
				MARKETING_VERSION = 1.0;
				PRODUCT_BUNDLE_IDENTIFIER = com.juan.MercadoLibreUITests;
				PRODUCT_NAME = "$(TARGET_NAME)";
				SWIFT_EMIT_LOC_STRINGS = NO;
				SWIFT_VERSION = 5.0;
				TARGETED_DEVICE_FAMILY = "1,2";
				TEST_TARGET_NAME = MercadoLibre;
			};
			name = Release;
		};
/* End XCBuildConfiguration section */

/* Begin XCConfigurationList section */
		0D0697072BE8AE6900DEA74B /* Build configuration list for PBXProject "MercadoLibre" */ = {
			isa = XCConfigurationList;
			buildConfigurations = (
				0D06972E2BE8AE6A00DEA74B /* Debug */,
				0D06972F2BE8AE6A00DEA74B /* Release */,
			);
			defaultConfigurationIsVisible = 0;
			defaultConfigurationName = Release;
		};
		0D0697302BE8AE6A00DEA74B /* Build configuration list for PBXNativeTarget "MercadoLibre" */ = {
			isa = XCConfigurationList;
			buildConfigurations = (
				0D0697312BE8AE6A00DEA74B /* Debug */,
				0D0697322BE8AE6A00DEA74B /* Release */,
			);
			defaultConfigurationIsVisible = 0;
			defaultConfigurationName = Release;
		};
		0D0697332BE8AE6A00DEA74B /* Build configuration list for PBXNativeTarget "MercadoLibreTests" */ = {
			isa = XCConfigurationList;
			buildConfigurations = (
				0D0697342BE8AE6A00DEA74B /* Debug */,
				0D0697352BE8AE6A00DEA74B /* Release */,
			);
			defaultConfigurationIsVisible = 0;
			defaultConfigurationName = Release;
		};
		0D0697362BE8AE6A00DEA74B /* Build configuration list for PBXNativeTarget "MercadoLibreUITests" */ = {
			isa = XCConfigurationList;
			buildConfigurations = (
				0D0697372BE8AE6A00DEA74B /* Debug */,
				0D0697382BE8AE6A00DEA74B /* Release */,
			);
			defaultConfigurationIsVisible = 0;
			defaultConfigurationName = Release;
		};
/* End XCConfigurationList section */

/* Begin XCRemoteSwiftPackageReference section */
		0D0697392BE8AE8B00DEA74B /* XCRemoteSwiftPackageReference "Alamofire" */ = {
			isa = XCRemoteSwiftPackageReference;
			repositoryURL = "https://github.com/Alamofire/Alamofire.git";
			requirement = {
				kind = upToNextMajorVersion;
				minimumVersion = 5.9.1;
			};
		};
/* End XCRemoteSwiftPackageReference section */

/* Begin XCSwiftPackageProductDependency section */
		0D0697742BE8AFEC00DEA74B /* Alamofire */ = {
			isa = XCSwiftPackageProductDependency;
			package = 0D0697392BE8AE8B00DEA74B /* XCRemoteSwiftPackageReference "Alamofire" */;
			productName = Alamofire;
		};
		0D0697762BE8AFEC00DEA74B /* AlamofireDynamic */ = {
			isa = XCSwiftPackageProductDependency;
			package = 0D0697392BE8AE8B00DEA74B /* XCRemoteSwiftPackageReference "Alamofire" */;
			productName = AlamofireDynamic;
		};
/* End XCSwiftPackageProductDependency section */
	};
	rootObject = 0D0697042BE8AE6900DEA74B /* Project object */;
}
